
Microsoft Visual Studio Solution File, Format Version 12.00
# Visual Studio 15
VisualStudioVersion = 15.0.27130.0
MinimumVisualStudioVersion = 10.0.40219.1
Project("{FAE04EC0-301F-11D3-BF4B-00C04F79EFBC}") = "Legal Business Content Survey Site", "Legal Business Content Survey Site\Legal Business Content Survey Site.csproj", "{EC2CB118-B509-48D3-87AF-7FED893D6BE1}"
EndProject
Global
	GlobalSection(SolutionConfigurationPlatforms) = preSolution
		Debug|Any CPU = Debug|Any CPU
		Release|Any CPU = Release|Any CPU
	EndGlobalSection
	GlobalSection(ProjectConfigurationPlatforms) = postSolution
		{EC2CB118-B509-48D3-87AF-7FED893D6BE1}.Debug|Any CPU.ActiveCfg = Debug|Any CPU
		{EC2CB118-B509-48D3-87AF-7FED893D6BE1}.Debug|Any CPU.Build.0 = Debug|Any CPU
		{EC2CB118-B509-48D3-87AF-7FED893D6BE1}.Release|Any CPU.ActiveCfg = Release|Any CPU
		{EC2CB118-B509-48D3-87AF-7FED893D6BE1}.Release|Any CPU.Build.0 = Release|Any CPU
	EndGlobalSection
	GlobalSection(SolutionProperties) = preSolution
		HideSolutionNode = FALSE
	EndGlobalSection
	GlobalSection(ExtensibilityGlobals) = postSolution
		SolutionGuid = {4539EB62-8FD1-4C97-A5C0-EFDD5355D7E4}
	EndGlobalSection
EndGlobal
